// !$*UTF8*$!
{
	archiveVersion = 1;
	classes = {
	};
	objectVersion = 110;
	objects = {

/* Begin PBXBuildFile section */
		A53D0725305B72D500BA95DD /* NoMoreCookies Extension.appex in Embed Foundation Extensions */ = {isa = PBXBuildFile; fileRef = A53D0724305B72D500BA95DD /* NoMoreCookies Extension.appex */; settings = {ATTRIBUTES = (RemoveHeadersOnCopy, ); }; };
		A53D072F305B72D500BA95DD /* NoMoreCookies Extension.appex in Embed Foundation Extensions */ = {isa = PBXBuildFile; fileRef = A53D072E305B72D500BA95DD /* NoMoreCookies Extension.appex */; settings = {ATTRIBUTES = (RemoveHeadersOnCopy, ); }; };
/* End PBXBuildFile section */

/* Begin PBXContainerItemProxy section */
		A53D0726305B72D500BA95DD /* PBXContainerItemProxy */ = {
			isa = PBXContainerItemProxy;
			containerPortal = A53D06EB305B72D300BA95DD /* Project object */;
			proxyType = 1;
			remoteGlobalIDString = A53D0723305B72D500BA95DD;
			remoteInfo = "NoMoreCookies Extension (iOS)";
		};
		A53D0730305B72D500BA95DD /* PBXContainerItemProxy */ = {
			isa = PBXContainerItemProxy;
			containerPortal = A53D06EB305B72D300BA95DD /* Project object */;
			proxyType = 1;
			remoteGlobalIDString = A53D072D305B72D500BA95DD;
			remoteInfo = "NoMoreCookies Extension (macOS)";
		};
/* End PBXContainerItemProxy section */

/* Begin PBXCopyFilesBuildPhase section */
		A53D0757305B72D500BA95DD /* Embed Foundation Extensions */ = {
			isa = PBXCopyFilesBuildPhase;
			dstPath = "";
			dstSubfolder = PlugIns;
			files = (
				A53D0725305B72D500BA95DD /* NoMoreCookies Extension.appex in Embed Foundation Extensions */,
			);
			name = "Embed Foundation Extensions";
		};
		A53D0761305B72D500BA95DD /* Embed Foundation Extensions */ = {
			isa = PBXCopyFilesBuildPhase;
			dstPath = "";
			dstSubfolder = PlugIns;
			files = (
				A53D072F305B72D500BA95DD /* NoMoreCookies Extension.appex in Embed Foundation Extensions */,
			);
			name = "Embed Foundation Extensions";
		};
/* End PBXCopyFilesBuildPhase section */

/* Begin PBXFileReference section */
		A53D0707305B72D500BA95DD /* NoMoreCookies.app */ = {isa = PBXFileReference; explicitFileType = wrapper.application; includeInIndex = 0; path = NoMoreCookies.app; sourceTree = BUILT_PRODUCTS_DIR; };
		A53D0719305B72D500BA95DD /* NoMoreCookies.app */ = {isa = PBXFileReference; explicitFileType = wrapper.application; includeInIndex = 0; path = NoMoreCookies.app; sourceTree = BUILT_PRODUCTS_DIR; };
		A53D0724305B72D500BA95DD /* NoMoreCookies Extension.appex */ = {isa = PBXFileReference; explicitFileType = "wrapper.app-extension"; includeInIndex = 0; path = "NoMoreCookies Extension.appex"; sourceTree = BUILT_PRODUCTS_DIR; };
		A53D072E305B72D500BA95DD /* NoMoreCookies Extension.appex */ = {isa = PBXFileReference; explicitFileType = "wrapper.app-extension"; includeInIndex = 0; path = "NoMoreCookies Extension.appex"; sourceTree = BUILT_PRODUCTS_DIR; };
/* End PBXFileReference section */

/* Begin PBXFileSystemSynchronizedBuildFileExceptionSet section */
		A53D0752305B72D500BA95DD /* Exceptions for "Shared (App)" folder in "NoMoreCookies (iOS)" target */ = {
			isa = PBXFileSystemSynchronizedBuildFileExceptionSet;
			membershipExceptions = (
				"/Localized: Resources/Main.html",
				Assets.xcassets,
				Resources/Icon.png,
				Resources/Script.js,
				Resources/Style.css,
				ViewController.swift,
			);
			target = A53D0706305B72D500BA95DD /* NoMoreCookies (iOS) */;
		};
		A53D0756305B72D500BA95DD /* Exceptions for "iOS (Extension)" folder in "NoMoreCookies Extension (iOS)" target */ = {
			isa = PBXFileSystemSynchronizedBuildFileExceptionSet;
			membershipExceptions = (
				Info.plist,
			);
			target = A53D0723305B72D500BA95DD /* NoMoreCookies Extension (iOS) */;
		};
		A53D075B305B72D500BA95DD /* Exceptions for "iOS (App)" folder in "NoMoreCookies (iOS)" target */ = {
			isa = PBXFileSystemSynchronizedBuildFileExceptionSet;
			membershipExceptions = (
				Info.plist,
			);
			target = A53D0706305B72D500BA95DD /* NoMoreCookies (iOS) */;
		};
		A53D075C305B72D500BA95DD /* Exceptions for "Shared (App)" folder in "NoMoreCookies (macOS)" target */ = {
			isa = PBXFileSystemSynchronizedBuildFileExceptionSet;
			membershipExceptions = (
				"/Localized: Resources/Main.html",
				Assets.xcassets,
				Resources/Icon.png,
				Resources/Script.js,
				Resources/Style.css,
				ViewController.swift,
			);
			target = A53D0718305B72D500BA95DD /* NoMoreCookies (macOS) */;
		};
		A53D0760305B72D500BA95DD /* Exceptions for "macOS (Extension)" folder in "NoMoreCookies Extension (macOS)" target */ = {
			isa = PBXFileSystemSynchronizedBuildFileExceptionSet;
			membershipExceptions = (
				Info.plist,
			);
			target = A53D072D305B72D500BA95DD /* NoMoreCookies Extension (macOS) */;
		};
		A53D0765305B72D500BA95DD /* Exceptions for "Shared (Extension)" folder in "NoMoreCookies Extension (iOS)" target */ = {
			isa = PBXFileSystemSynchronizedBuildFileExceptionSet;
			membershipExceptions = (
				Resources/_locales,
				Resources/background.js,
				Resources/content,
				Resources/images,
				Resources/manifest.json,
				Resources/popup.css,
				Resources/popup.html,
				Resources/popup.js,
				Resources/rules,
				Resources/shared,
				SafariWebExtensionHandler.swift,
			);
			target = A53D0723305B72D500BA95DD /* NoMoreCookies Extension (iOS) */;
		};
		A53D0766305B72D500BA95DD /* Exceptions for "Shared (Extension)" folder in "NoMoreCookies Extension (macOS)" target */ = {
			isa = PBXFileSystemSynchronizedBuildFileExceptionSet;
			membershipExceptions = (
				Resources/_locales,
				Resources/background.js,
				Resources/content,
				Resources/images,
				Resources/manifest.json,
				Resources/popup.css,
				Resources/popup.html,
				Resources/popup.js,
				Resources/rules,
				Resources/shared,
				SafariWebExtensionHandler.swift,
			);
			target = A53D072D305B72D500BA95DD /* NoMoreCookies Extension (macOS) */;
		};
/* End PBXFileSystemSynchronizedBuildFileExceptionSet section */

/* Begin PBXFileSystemSynchronizedRootGroup section */
		A53D06EF305B72D300BA95DD /* Shared (App) */ = {
			isa = PBXFileSystemSynchronizedRootGroup;
			exceptions = (
				A53D0752305B72D500BA95DD /* Exceptions for "Shared (App)" folder in "NoMoreCookies (iOS)" target */,
				A53D075C305B72D500BA95DD /* Exceptions for "Shared (App)" folder in "NoMoreCookies (macOS)" target */,
			);
			path = "Shared (App)";
			sourceTree = "<group>";
		};
		A53D06F8305B72D500BA95DD /* Shared (Extension) */ = {
			isa = PBXFileSystemSynchronizedRootGroup;
			exceptions = (
				A53D0765305B72D500BA95DD /* Exceptions for "Shared (Extension)" folder in "NoMoreCookies Extension (iOS)" target */,
				A53D0766305B72D500BA95DD /* Exceptions for "Shared (Extension)" folder in "NoMoreCookies Extension (macOS)" target */,
			);
			explicitFolders = (
				Resources/_locales,
				Resources/content,
				Resources/images,
				Resources/rules,
				Resources/shared,
			);
			path = "Shared (Extension)";
			sourceTree = "<group>";
		};
		A53D0709305B72D500BA95DD /* iOS (App) */ = {
			isa = PBXFileSystemSynchronizedRootGroup;
			exceptions = (
				A53D075B305B72D500BA95DD /* Exceptions for "iOS (App)" folder in "NoMoreCookies (iOS)" target */,
			);
			path = "iOS (App)";
			sourceTree = "<group>";
		};
		A53D071A305B72D500BA95DD /* macOS (App) */ = {
			isa = PBXFileSystemSynchronizedRootGroup;
			path = "macOS (App)";
			sourceTree = "<group>";
		};
		A53D0728305B72D500BA95DD /* iOS (Extension) */ = {
			isa = PBXFileSystemSynchronizedRootGroup;
			exceptions = (
				A53D0756305B72D500BA95DD /* Exceptions for "iOS (Extension)" folder in "NoMoreCookies Extension (iOS)" target */,
			);
			path = "iOS (Extension)";
			sourceTree = "<group>";
		};
		A53D0732305B72D500BA95DD /* macOS (Extension) */ = {
			isa = PBXFileSystemSynchronizedRootGroup;
			exceptions = (
				A53D0760305B72D500BA95DD /* Exceptions for "macOS (Extension)" folder in "NoMoreCookies Extension (macOS)" target */,
			);
			path = "macOS (Extension)";
			sourceTree = "<group>";
		};
/* End PBXFileSystemSynchronizedRootGroup section */

/* Begin PBXFrameworksBuildPhase section */
		A53D0704305B72D500BA95DD /* Frameworks */ = {
			isa = PBXFrameworksBuildPhase;
			files = (
			);
		};
		A53D0716305B72D500BA95DD /* Frameworks */ = {
			isa = PBXFrameworksBuildPhase;
			files = (
			);
		};
		A53D0721305B72D500BA95DD /* Frameworks */ = {
			isa = PBXFrameworksBuildPhase;
			files = (
			);
		};
		A53D072B305B72D500BA95DD /* Frameworks */ = {
			isa = PBXFrameworksBuildPhase;
			files = (
			);
		};
/* End PBXFrameworksBuildPhase section */

/* Begin PBXGroup section */
		A53D06EA305B72D300BA95DD = {
			isa = PBXGroup;
			children = (
				A53D06EF305B72D300BA95DD /* Shared (App) */,
				A53D06F8305B72D500BA95DD /* Shared (Extension) */,
				A53D0709305B72D500BA95DD /* iOS (App) */,
				A53D071A305B72D500BA95DD /* macOS (App) */,
				A53D0728305B72D500BA95DD /* iOS (Extension) */,
				A53D0732305B72D500BA95DD /* macOS (Extension) */,
				A53D0708305B72D500BA95DD /* Products */,
			);
			sourceTree = "<group>";
		};
		A53D0708305B72D500BA95DD /* Products */ = {
			isa = PBXGroup;
			children = (
				A53D0707305B72D500BA95DD /* NoMoreCookies.app */,
				A53D0719305B72D500BA95DD /* NoMoreCookies.app */,
				A53D0724305B72D500BA95DD /* NoMoreCookies Extension.appex */,
				A53D072E305B72D500BA95DD /* NoMoreCookies Extension.appex */,
			);
			name = Products;
			sourceTree = "<group>";
		};
/* End PBXGroup section */

/* Begin PBXNativeTarget section */
		A53D0706305B72D500BA95DD /* NoMoreCookies (iOS) */ = {
			isa = PBXNativeTarget;
			buildConfigurationList = A53D0758305B72D500BA95DD /* Build configuration list for PBXNativeTarget "NoMoreCookies (iOS)" */;
			buildPhases = (
				A53D0703305B72D500BA95DD /* Sources */,
				A53D0704305B72D500BA95DD /* Frameworks */,
				A53D0705305B72D500BA95DD /* Resources */,
				A53D0757305B72D500BA95DD /* Embed Foundation Extensions */,
			);
			buildRules = (
			);
			dependencies = (
				A53D0727305B72D500BA95DD /* PBXTargetDependency */,
			);
			fileSystemSynchronizedGroups = (
				A53D0709305B72D500BA95DD /* iOS (App) */,
			);
			name = "NoMoreCookies (iOS)";
			productName = "NoMoreCookies (iOS)";
			productReference = A53D0707305B72D500BA95DD /* NoMoreCookies.app */;
			productType = "com.apple.product-type.application";
		};
		A53D0718305B72D500BA95DD /* NoMoreCookies (macOS) */ = {
			isa = PBXNativeTarget;
			buildConfigurationList = A53D0762305B72D500BA95DD /* Build configuration list for PBXNativeTarget "NoMoreCookies (macOS)" */;
			buildPhases = (
				A53D0715305B72D500BA95DD /* Sources */,
				A53D0716305B72D500BA95DD /* Frameworks */,
				A53D0717305B72D500BA95DD /* Resources */,
				A53D0761305B72D500BA95DD /* Embed Foundation Extensions */,
			);
			buildRules = (
			);
			dependencies = (
				A53D0731305B72D500BA95DD /* PBXTargetDependency */,
			);
			fileSystemSynchronizedGroups = (
				A53D071A305B72D500BA95DD /* macOS (App) */,
			);
			name = "NoMoreCookies (macOS)";
			productName = "NoMoreCookies (macOS)";
			productReference = A53D0719305B72D500BA95DD /* NoMoreCookies.app */;
			productType = "com.apple.product-type.application";
		};
		A53D0723305B72D500BA95DD /* NoMoreCookies Extension (iOS) */ = {
			isa = PBXNativeTarget;
			buildConfigurationList = A53D0753305B72D500BA95DD /* Build configuration list for PBXNativeTarget "NoMoreCookies Extension (iOS)" */;
			buildPhases = (
				A53D0720305B72D500BA95DD /* Sources */,
				A53D0721305B72D500BA95DD /* Frameworks */,
				A53D0722305B72D500BA95DD /* Resources */,
			);
			buildRules = (
			);
			fileSystemSynchronizedGroups = (
				A53D0728305B72D500BA95DD /* iOS (Extension) */,
			);
			name = "NoMoreCookies Extension (iOS)";
			productName = "NoMoreCookies Extension (iOS)";
			productReference = A53D0724305B72D500BA95DD /* NoMoreCookies Extension.appex */;
			productType = "com.apple.product-type.app-extension";
		};
		A53D072D305B72D500BA95DD /* NoMoreCookies Extension (macOS) */ = {
			isa = PBXNativeTarget;
			buildConfigurationList = A53D075D305B72D500BA95DD /* Build configuration list for PBXNativeTarget "NoMoreCookies Extension (macOS)" */;
			buildPhases = (
				A53D072A305B72D500BA95DD /* Sources */,
				A53D072B305B72D500BA95DD /* Frameworks */,
				A53D072C305B72D500BA95DD /* Resources */,
			);
			buildRules = (
			);
			fileSystemSynchronizedGroups = (
				A53D0732305B72D500BA95DD /* macOS (Extension) */,
			);
			name = "NoMoreCookies Extension (macOS)";
			productName = "NoMoreCookies Extension (macOS)";
			productReference = A53D072E305B72D500BA95DD /* NoMoreCookies Extension.appex */;
			productType = "com.apple.product-type.app-extension";
		};
/* End PBXNativeTarget section */

/* Begin PBXProject section */
		A53D06EB305B72D300BA95DD /* Project object */ = {
			isa = PBXProject;
			attributes = {
				BuildIndependentTargetsInParallel = 1;
				LastSwiftUpdateCheck = 2700;
				LastUpgradeCheck = 2700;
				TargetAttributes = {
					A53D0706305B72D500BA95DD = {
						CreatedOnToolsVersion = 27.0;
					};
					A53D0718305B72D500BA95DD = {
						CreatedOnToolsVersion = 27.0;
					};
					A53D0723305B72D500BA95DD = {
						CreatedOnToolsVersion = 27.0;
					};
					A53D072D305B72D500BA95DD = {
						CreatedOnToolsVersion = 27.0;
					};
				};
			};
			buildConfigurationList = A53D06EE305B72D300BA95DD /* Build configuration list for PBXProject "NoMoreCookies" */;
			developmentRegion = en;
			hasScannedForEncodings = 0;
			knownRegions = (
				en,
				Base,
			);
			mainGroup = A53D06EA305B72D300BA95DD;
			minimizedProjectReferenceProxies = 1;
			preferredProjectObjectVersion = 77;
			productRefGroup = A53D0708305B72D500BA95DD /* Products */;
			projectDirPath = "";
			projectRoot = "";
			targets = (
				A53D0706305B72D500BA95DD /* NoMoreCookies (iOS) */,
				A53D0718305B72D500BA95DD /* NoMoreCookies (macOS) */,
				A53D0723305B72D500BA95DD /* NoMoreCookies Extension (iOS) */,
				A53D072D305B72D500BA95DD /* NoMoreCookies Extension (macOS) */,
			);
		};
/* End PBXProject section */

/* Begin PBXResourcesBuildPhase section */
		A53D0705305B72D500BA95DD /* Resources */ = {
			isa = PBXResourcesBuildPhase;
			files = (
			);
		};
		A53D0717305B72D500BA95DD /* Resources */ = {
			isa = PBXResourcesBuildPhase;
			files = (
			);
		};
		A53D0722305B72D500BA95DD /* Resources */ = {
			isa = PBXResourcesBuildPhase;
			files = (
			);
		};
		A53D072C305B72D500BA95DD /* Resources */ = {
			isa = PBXResourcesBuildPhase;
			files = (
			);
		};
/* End PBXResourcesBuildPhase section */

/* Begin PBXSourcesBuildPhase section */
		A53D0703305B72D500BA95DD /* Sources */ = {
			isa = PBXSourcesBuildPhase;
			files = (
			);
		};
		A53D0715305B72D500BA95DD /* Sources */ = {
			isa = PBXSourcesBuildPhase;
			files = (
			);
		};
		A53D0720305B72D500BA95DD /* Sources */ = {
			isa = PBXSourcesBuildPhase;
			files = (
			);
		};
		A53D072A305B72D500BA95DD /* Sources */ = {
			isa = PBXSourcesBuildPhase;
			files = (
			);
		};
/* End PBXSourcesBuildPhase section */

/* Begin PBXTargetDependency section */
		A53D0727305B72D500BA95DD /* PBXTargetDependency */ = {
			isa = PBXTargetDependency;
			target = A53D0723305B72D500BA95DD /* NoMoreCookies Extension (iOS) */;
			targetProxy = A53D0726305B72D500BA95DD /* PBXContainerItemProxy */;
		};
		A53D0731305B72D500BA95DD /* PBXTargetDependency */ = {
			isa = PBXTargetDependency;
			target = A53D072D305B72D500BA95DD /* NoMoreCookies Extension (macOS) */;
			targetProxy = A53D0730305B72D500BA95DD /* PBXContainerItemProxy */;
		};
/* End PBXTargetDependency section */

/* Begin XCBuildConfiguration section */
		A53D0754305B72D500BA95DD /* Debug configuration for PBXNativeTarget "NoMoreCookies Extension (iOS)" */ = {
			isa = XCBuildConfiguration;
			buildSettings = {
				CODE_SIGN_STYLE = Automatic;
				CURRENT_PROJECT_VERSION = 1;
				DEVELOPMENT_TEAM = DJNLLPHUQ5;
				GENERATE_INFOPLIST_FILE = YES;
				INFOPLIST_FILE = "iOS (Extension)/Info.plist";
				INFOPLIST_KEY_CFBundleDisplayName = "NoMoreCookies Extension";
				INFOPLIST_KEY_NSHumanReadableCopyright = "";
				IPHONEOS_DEPLOYMENT_TARGET = 15.0;
				LD_RUNPATH_SEARCH_PATHS = (
					"$(inherited)",
					"@executable_path/Frameworks",
					"@executable_path/../../Frameworks",
				);
				MARKETING_VERSION = 1.0;
				OTHER_LDFLAGS = (
					"-framework",
					SafariServices,
				);
				PRODUCT_BUNDLE_IDENTIFIER = com.brandonlempka.com.NoMoreCookies.Extension;
				PRODUCT_NAME = "NoMoreCookies Extension";
				SDKROOT = iphoneos;
				SKIP_INSTALL = YES;
				STRING_CATALOG_GENERATE_SYMBOLS = YES;
				SWIFT_APPROACHABLE_CONCURRENCY = YES;
				SWIFT_EMIT_LOC_STRINGS = YES;
				SWIFT_UPCOMING_FEATURE_MEMBER_IMPORT_VISIBILITY = YES;
				SWIFT_VERSION = 5.0;
				TARGETED_DEVICE_FAMILY = "1,2";
			};
			name = Debug;
		};
		A53D0755305B72D500BA95DD /* Release configuration for PBXNativeTarget "NoMoreCookies Extension (iOS)" */ = {
			isa = XCBuildConfiguration;
			buildSettings = {
				CODE_SIGN_STYLE = Automatic;
				CURRENT_PROJECT_VERSION = 1;
				DEVELOPMENT_TEAM = DJNLLPHUQ5;
				GENERATE_INFOPLIST_FILE = YES;
				INFOPLIST_FILE = "iOS (Extension)/Info.plist";
				INFOPLIST_KEY_CFBundleDisplayName = "NoMoreCookies Extension";
				INFOPLIST_KEY_NSHumanReadableCopyright = "";
				IPHONEOS_DEPLOYMENT_TARGET = 15.0;
				LD_RUNPATH_SEARCH_PATHS = (
					"$(inherited)",
					"@executable_path/Frameworks",
					"@executable_path/../../Frameworks",
				);
				MARKETING_VERSION = 1.0;
				OTHER_LDFLAGS = (
					"-framework",
					SafariServices,
				);
				PRODUCT_BUNDLE_IDENTIFIER = com.brandonlempka.com.NoMoreCookies.Extension;
				PRODUCT_NAME = "NoMoreCookies Extension";
				SDKROOT = iphoneos;
				SKIP_INSTALL = YES;
				STRING_CATALOG_GENERATE_SYMBOLS = YES;
				SWIFT_APPROACHABLE_CONCURRENCY = YES;
				SWIFT_EMIT_LOC_STRINGS = YES;
				SWIFT_UPCOMING_FEATURE_MEMBER_IMPORT_VISIBILITY = YES;
				SWIFT_VERSION = 5.0;
				TARGETED_DEVICE_FAMILY = "1,2";
				VALIDATE_PRODUCT = YES;
			};
			name = Release;
		};
		A53D0759305B72D500BA95DD /* Debug configuration for PBXNativeTarget "NoMoreCookies (iOS)" */ = {
			isa = XCBuildConfiguration;
			buildSettings = {
				ASSETCATALOG_COMPILER_APPICON_NAME = AppIcon;
				ASSETCATALOG_COMPILER_GLOBAL_ACCENT_COLOR_NAME = AccentColor;
				CODE_SIGN_STYLE = Automatic;
				CURRENT_PROJECT_VERSION = 1;
				DEVELOPMENT_TEAM = DJNLLPHUQ5;
				GENERATE_INFOPLIST_FILE = YES;
				INFOPLIST_FILE = "iOS (App)/Info.plist";
				INFOPLIST_KEY_CFBundleDisplayName = NoMoreCookies;
				INFOPLIST_KEY_UIApplicationSupportsIndirectInputEvents = YES;
				INFOPLIST_KEY_UILaunchStoryboardName = LaunchScreen;
				INFOPLIST_KEY_UIMainStoryboardFile = Main;
				INFOPLIST_KEY_UISupportedInterfaceOrientations = "UIInterfaceOrientationPortrait UIInterfaceOrientationLandscapeLeft UIInterfaceOrientationLandscapeRight";
				INFOPLIST_KEY_UISupportedInterfaceOrientations_iPad = "UIInterfaceOrientationPortrait UIInterfaceOrientationPortraitUpsideDown UIInterfaceOrientationLandscapeLeft UIInterfaceOrientationLandscapeRight";
				IPHONEOS_DEPLOYMENT_TARGET = 15.0;
				LD_RUNPATH_SEARCH_PATHS = (
					"$(inherited)",
					"@executable_path/Frameworks",
				);
				MARKETING_VERSION = 1.0;
				OTHER_LDFLAGS = (
					"-framework",
					SafariServices,
					"-framework",
					WebKit,
				);
				PRODUCT_BUNDLE_IDENTIFIER = com.brandonlempka.com.NoMoreCookies;
				PRODUCT_NAME = NoMoreCookies;
				SDKROOT = iphoneos;
				STRING_CATALOG_GENERATE_SYMBOLS = YES;
				SWIFT_APPROACHABLE_CONCURRENCY = YES;
				SWIFT_DEFAULT_ACTOR_ISOLATION = MainActor;
				SWIFT_EMIT_LOC_STRINGS = YES;
				SWIFT_UPCOMING_FEATURE_MEMBER_IMPORT_VISIBILITY = YES;
				SWIFT_VERSION = 5.0;
				TARGETED_DEVICE_FAMILY = "1,2";
			};
			name = Debug;
		};
		A53D075A305B72D500BA95DD /* Release configuration for PBXNativeTarget "NoMoreCookies (iOS)" */ = {
			isa = XCBuildConfiguration;
			buildSettings = {
				ASSETCATALOG_COMPILER_APPICON_NAME = AppIcon;
				ASSETCATALOG_COMPILER_GLOBAL_ACCENT_COLOR_NAME = AccentColor;
				CODE_SIGN_STYLE = Automatic;
				CURRENT_PROJECT_VERSION = 1;
				DEVELOPMENT_TEAM = DJNLLPHUQ5;
				GENERATE_INFOPLIST_FILE = YES;
				INFOPLIST_FILE = "iOS (App)/Info.plist";
				INFOPLIST_KEY_CFBundleDisplayName = NoMoreCookies;
				INFOPLIST_KEY_UIApplicationSupportsIndirectInputEvents = YES;
				INFOPLIST_KEY_UILaunchStoryboardName = LaunchScreen;
				INFOPLIST_KEY_UIMainStoryboardFile = Main;
				INFOPLIST_KEY_UISupportedInterfaceOrientations = "UIInterfaceOrientationPortrait UIInterfaceOrientationLandscapeLeft UIInterfaceOrientationLandscapeRight";
				INFOPLIST_KEY_UISupportedInterfaceOrientations_iPad = "UIInterfaceOrientationPortrait UIInterfaceOrientationPortraitUpsideDown UIInterfaceOrientationLandscapeLeft UIInterfaceOrientationLandscapeRight";
				IPHONEOS_DEPLOYMENT_TARGET = 15.0;
				LD_RUNPATH_SEARCH_PATHS = (
					"$(inherited)",
					"@executable_path/Frameworks",
				);
				MARKETING_VERSION = 1.0;
				OTHER_LDFLAGS = (
					"-framework",
					SafariServices,
					"-framework",
					WebKit,
				);
				PRODUCT_BUNDLE_IDENTIFIER = com.brandonlempka.com.NoMoreCookies;
				PRODUCT_NAME = NoMoreCookies;
				SDKROOT = iphoneos;
				STRING_CATALOG_GENERATE_SYMBOLS = YES;
				SWIFT_APPROACHABLE_CONCURRENCY = YES;
				SWIFT_DEFAULT_ACTOR_ISOLATION = MainActor;
				SWIFT_EMIT_LOC_STRINGS = YES;
				SWIFT_UPCOMING_FEATURE_MEMBER_IMPORT_VISIBILITY = YES;
				SWIFT_VERSION = 5.0;
				TARGETED_DEVICE_FAMILY = "1,2";
				VALIDATE_PRODUCT = YES;
			};
			name = Release;
		};
		A53D075E305B72D500BA95DD /* Debug configuration for PBXNativeTarget "NoMoreCookies Extension (macOS)" */ = {
			isa = XCBuildConfiguration;
			buildSettings = {
				CODE_SIGN_STYLE = Automatic;
				CURRENT_PROJECT_VERSION = 1;
				DEVELOPMENT_TEAM = DJNLLPHUQ5;
				ENABLE_APP_SANDBOX = YES;
				ENABLE_HARDENED_RUNTIME = YES;
				ENABLE_USER_SELECTED_FILES = readonly;
				GENERATE_INFOPLIST_FILE = YES;
				INFOPLIST_FILE = "macOS (Extension)/Info.plist";
				INFOPLIST_KEY_CFBundleDisplayName = "NoMoreCookies Extension";
				INFOPLIST_KEY_NSHumanReadableCopyright = "";
				LD_RUNPATH_SEARCH_PATHS = (
					"$(inherited)",
					"@executable_path/../Frameworks",
					"@executable_path/../../../../Frameworks",
				);
				MACOSX_DEPLOYMENT_TARGET = 12.0;
				MARKETING_VERSION = 1.0;
				OTHER_LDFLAGS = (
					"-framework",
					SafariServices,
				);
				PRODUCT_BUNDLE_IDENTIFIER = com.brandonlempka.com.NoMoreCookies.Extension;
				PRODUCT_NAME = "NoMoreCookies Extension";
				SDKROOT = macosx;
				SKIP_INSTALL = YES;
				STRING_CATALOG_GENERATE_SYMBOLS = YES;
				SWIFT_APPROACHABLE_CONCURRENCY = YES;
				SWIFT_EMIT_LOC_STRINGS = YES;
				SWIFT_UPCOMING_FEATURE_MEMBER_IMPORT_VISIBILITY = YES;
				SWIFT_VERSION = 5.0;
			};
			name = Debug;
		};
		A53D075F305B72D500BA95DD /* Release configuration for PBXNativeTarget "NoMoreCookies Extension (macOS)" */ = {
			isa = XCBuildConfiguration;
			buildSettings = {
				CODE_SIGN_STYLE = Automatic;
				CURRENT_PROJECT_VERSION = 1;
				DEVELOPMENT_TEAM = DJNLLPHUQ5;
				ENABLE_APP_SANDBOX = YES;
				ENABLE_HARDENED_RUNTIME = YES;
				ENABLE_USER_SELECTED_FILES = readonly;
				GENERATE_INFOPLIST_FILE = YES;
				INFOPLIST_FILE = "macOS (Extension)/Info.plist";
				INFOPLIST_KEY_CFBundleDisplayName = "NoMoreCookies Extension";
				INFOPLIST_KEY_NSHumanReadableCopyright = "";
				LD_RUNPATH_SEARCH_PATHS = (
					"$(inherited)",
					"@executable_path/../Frameworks",
					"@executable_path/../../../../Frameworks",
				);
				MACOSX_DEPLOYMENT_TARGET = 12.0;
				MARKETING_VERSION = 1.0;
				OTHER_LDFLAGS = (
					"-framework",
					SafariServices,
				);
				PRODUCT_BUNDLE_IDENTIFIER = com.brandonlempka.com.NoMoreCookies.Extension;
				PRODUCT_NAME = "NoMoreCookies Extension";
				SDKROOT = macosx;
				SKIP_INSTALL = YES;
				STRING_CATALOG_GENERATE_SYMBOLS = YES;
				SWIFT_APPROACHABLE_CONCURRENCY = YES;
				SWIFT_EMIT_LOC_STRINGS = YES;
				SWIFT_UPCOMING_FEATURE_MEMBER_IMPORT_VISIBILITY = YES;
				SWIFT_VERSION = 5.0;
			};
			name = Release;
		};
		A53D0763305B72D500BA95DD /* Debug configuration for PBXNativeTarget "NoMoreCookies (macOS)" */ = {
			isa = XCBuildConfiguration;
			buildSettings = {
				ASSETCATALOG_COMPILER_APPICON_NAME = AppIcon;
				ASSETCATALOG_COMPILER_GLOBAL_ACCENT_COLOR_NAME = AccentColor;
				CODE_SIGN_STYLE = Automatic;
				CURRENT_PROJECT_VERSION = 1;
				DEVELOPMENT_TEAM = DJNLLPHUQ5;
				ENABLE_APP_SANDBOX = YES;
				ENABLE_HARDENED_RUNTIME = YES;
				ENABLE_OUTGOING_NETWORK_CONNECTIONS = YES;
				ENABLE_USER_SELECTED_FILES = readonly;
				GENERATE_INFOPLIST_FILE = YES;
				INFOPLIST_KEY_CFBundleDisplayName = NoMoreCookies;
				INFOPLIST_KEY_NSMainStoryboardFile = Main;
				INFOPLIST_KEY_NSPrincipalClass = NSApplication;
				LD_RUNPATH_SEARCH_PATHS = (
					"$(inherited)",
					"@executable_path/../Frameworks",
				);
				MACOSX_DEPLOYMENT_TARGET = 12.0;
				MARKETING_VERSION = 1.0;
				OTHER_LDFLAGS = (
					"-framework",
					SafariServices,
					"-framework",
					WebKit,
				);
				PRODUCT_BUNDLE_IDENTIFIER = com.brandonlempka.com.NoMoreCookies;
				PRODUCT_NAME = NoMoreCookies;
				REGISTER_APP_GROUPS = YES;
				SDKROOT = macosx;
				STRING_CATALOG_GENERATE_SYMBOLS = YES;
				SWIFT_APPROACHABLE_CONCURRENCY = YES;
				SWIFT_DEFAULT_ACTOR_ISOLATION = MainActor;
				SWIFT_EMIT_LOC_STRINGS = YES;
				SWIFT_UPCOMING_FEATURE_MEMBER_IMPORT_VISIBILITY = YES;
				SWIFT_VERSION = 5.0;
			};
			name = Debug;
		};
		A53D0764305B72D500BA95DD /* Release configuration for PBXNativeTarget "NoMoreCookies (macOS)" */ = {
			isa = XCBuildConfiguration;
			buildSettings = {
				ASSETCATALOG_COMPILER_APPICON_NAME = AppIcon;
				ASSETCATALOG_COMPILER_GLOBAL_ACCENT_COLOR_NAME = AccentColor;
				CODE_SIGN_STYLE = Automatic;
				CURRENT_PROJECT_VERSION = 1;
				DEVELOPMENT_TEAM = DJNLLPHUQ5;
				ENABLE_APP_SANDBOX = YES;
				ENABLE_HARDENED_RUNTIME = YES;
				ENABLE_OUTGOING_NETWORK_CONNECTIONS = YES;
				ENABLE_USER_SELECTED_FILES = readonly;
				GENERATE_INFOPLIST_FILE = YES;
				INFOPLIST_KEY_CFBundleDisplayName = NoMoreCookies;
				INFOPLIST_KEY_NSMainStoryboardFile = Main;
				INFOPLIST_KEY_NSPrincipalClass = NSApplication;
				LD_RUNPATH_SEARCH_PATHS = (
					"$(inherited)",
					"@executable_path/../Frameworks",
				);
				MACOSX_DEPLOYMENT_TARGET = 12.0;
				MARKETING_VERSION = 1.0;
				OTHER_LDFLAGS = (
					"-framework",
					SafariServices,
					"-framework",
					WebKit,
				);
				PRODUCT_BUNDLE_IDENTIFIER = com.brandonlempka.com.NoMoreCookies;
				PRODUCT_NAME = NoMoreCookies;
				REGISTER_APP_GROUPS = YES;
				SDKROOT = macosx;
				STRING_CATALOG_GENERATE_SYMBOLS = YES;
				SWIFT_APPROACHABLE_CONCURRENCY = YES;
				SWIFT_DEFAULT_ACTOR_ISOLATION = MainActor;
				SWIFT_EMIT_LOC_STRINGS = YES;
				SWIFT_UPCOMING_FEATURE_MEMBER_IMPORT_VISIBILITY = YES;
				SWIFT_VERSION = 5.0;
			};
			name = Release;
		};
		A53D0767305B72D500BA95DD /* Debug configuration for PBXProject "NoMoreCookies" */ = {
			isa = XCBuildConfiguration;
			buildSettings = {
				ALWAYS_SEARCH_USER_PATHS = NO;
				ASSETCATALOG_COMPILER_GENERATE_SWIFT_ASSET_SYMBOL_EXTENSIONS = YES;
				CLANG_ANALYZER_NONNULL = YES;
				CLANG_ANALYZER_NUMBER_OBJECT_CONVERSION = YES_AGGRESSIVE;
				CLANG_CXX_LANGUAGE_STANDARD = "gnu++20";
				CLANG_ENABLE_MODULES = YES;
				CLANG_ENABLE_OBJC_ARC = YES;
				CLANG_ENABLE_OBJC_WEAK = YES;
				CLANG_WARN_BLOCK_CAPTURE_AUTORELEASING = YES;
				CLANG_WARN_BOOL_CONVERSION = YES;
				CLANG_WARN_COMMA = YES;
				CLANG_WARN_CONSTANT_CONVERSION = YES;
				CLANG_WARN_DEPRECATED_OBJC_IMPLEMENTATIONS = YES;
				CLANG_WARN_DIRECT_OBJC_ISA_USAGE = YES_ERROR;
				CLANG_WARN_DOCUMENTATION_COMMENTS = YES;
				CLANG_WARN_EMPTY_BODY = YES;
				CLANG_WARN_ENUM_CONVERSION = YES;
				CLANG_WARN_INFINITE_RECURSION = YES;
				CLANG_WARN_INT_CONVERSION = YES;
				CLANG_WARN_NON_LITERAL_NULL_CONVERSION = YES;
				CLANG_WARN_OBJC_IMPLICIT_RETAIN_SELF = YES;
				CLANG_WARN_OBJC_LITERAL_CONVERSION = YES;
				CLANG_WARN_OBJC_ROOT_CLASS = YES_ERROR;
				CLANG_WARN_QUOTED_INCLUDE_IN_FRAMEWORK_HEADER = YES;
				CLANG_WARN_RANGE_LOOP_ANALYSIS = YES;
				CLANG_WARN_STRICT_PROTOTYPES = YES;
				CLANG_WARN_SUSPICIOUS_MOVE = YES;
				CLANG_WARN_UNGUARDED_AVAILABILITY = YES_AGGRESSIVE;
				CLANG_WARN_UNREACHABLE_CODE = YES;
				CLANG_WARN__DUPLICATE_METHOD_MATCH = YES;
				COPY_PHASE_STRIP = NO;
				DEBUG_INFORMATION_FORMAT = dwarf;
				DEVELOPMENT_TEAM = DJNLLPHUQ5;
				ENABLE_STRICT_OBJC_MSGSEND = YES;
				ENABLE_TESTABILITY = YES;
				ENABLE_USER_SCRIPT_SANDBOXING = YES;
				GCC_C_LANGUAGE_STANDARD = gnu17;
				GCC_DYNAMIC_NO_PIC = NO;
				GCC_NO_COMMON_BLOCKS = YES;
				GCC_OPTIMIZATION_LEVEL = 0;
				GCC_PREPROCESSOR_DEFINITIONS = (
					"DEBUG=1",
					"$(inherited)",
				);
				GCC_WARN_64_TO_32_BIT_CONVERSION = YES;
				GCC_WARN_ABOUT_RETURN_TYPE = YES_ERROR;
				GCC_WARN_UNDECLARED_SELECTOR = YES;
				GCC_WARN_UNINITIALIZED_AUTOS = YES_AGGRESSIVE;
				GCC_WARN_UNUSED_FUNCTION = YES;
				GCC_WARN_UNUSED_VARIABLE = YES;
				LOCALIZATION_PREFERS_STRING_CATALOGS = YES;
				MTL_ENABLE_DEBUG_INFO = INCLUDE_SOURCE;
				MTL_FAST_MATH = YES;
				ONLY_ACTIVE_ARCH = YES;
				SWIFT_ACTIVE_COMPILATION_CONDITIONS = "DEBUG $(inherited)";
				SWIFT_OPTIMIZATION_LEVEL = "-Onone";
			};
			name = Debug;
		};
		A53D0768305B72D500BA95DD /* Release configuration for PBXProject "NoMoreCookies" */ = {
			isa = XCBuildConfiguration;
			buildSettings = {
				ALWAYS_SEARCH_USER_PATHS = NO;
				ASSETCATALOG_COMPILER_GENERATE_SWIFT_ASSET_SYMBOL_EXTENSIONS = YES;
				CLANG_ANALYZER_NONNULL = YES;
				CLANG_ANALYZER_NUMBER_OBJECT_CONVERSION = YES_AGGRESSIVE;
				CLANG_CXX_LANGUAGE_STANDARD = "gnu++20";
				CLANG_ENABLE_MODULES = YES;
				CLANG_ENABLE_OBJC_ARC = YES;
				CLANG_ENABLE_OBJC_WEAK = YES;
				CLANG_WARN_BLOCK_CAPTURE_AUTORELEASING = YES;
				CLANG_WARN_BOOL_CONVERSION = YES;
				CLANG_WARN_COMMA = YES;
				CLANG_WARN_CONSTANT_CONVERSION = YES;
				CLANG_WARN_DEPRECATED_OBJC_IMPLEMENTATIONS = YES;
				CLANG_WARN_DIRECT_OBJC_ISA_USAGE = YES_ERROR;
				CLANG_WARN_DOCUMENTATION_COMMENTS = YES;
				CLANG_WARN_EMPTY_BODY = YES;
				CLANG_WARN_ENUM_CONVERSION = YES;
				CLANG_WARN_INFINITE_RECURSION = YES;
				CLANG_WARN_INT_CONVERSION = YES;
				CLANG_WARN_NON_LITERAL_NULL_CONVERSION = YES;
				CLANG_WARN_OBJC_IMPLICIT_RETAIN_SELF = YES;
				CLANG_WARN_OBJC_LITERAL_CONVERSION = YES;
				CLANG_WARN_OBJC_ROOT_CLASS = YES_ERROR;
				CLANG_WARN_QUOTED_INCLUDE_IN_FRAMEWORK_HEADER = YES;
				CLANG_WARN_RANGE_LOOP_ANALYSIS = YES;
				CLANG_WARN_STRICT_PROTOTYPES = YES;
				CLANG_WARN_SUSPICIOUS_MOVE = YES;
				CLANG_WARN_UNGUARDED_AVAILABILITY = YES_AGGRESSIVE;
				CLANG_WARN_UNREACHABLE_CODE = YES;
				CLANG_WARN__DUPLICATE_METHOD_MATCH = YES;
				COPY_PHASE_STRIP = NO;
				DEBUG_INFORMATION_FORMAT = "dwarf-with-dsym";
				DEVELOPMENT_TEAM = DJNLLPHUQ5;
				ENABLE_NS_ASSERTIONS = NO;
				ENABLE_STRICT_OBJC_MSGSEND = YES;
				ENABLE_USER_SCRIPT_SANDBOXING = YES;
				GCC_C_LANGUAGE_STANDARD = gnu17;
				GCC_NO_COMMON_BLOCKS = YES;
				GCC_WARN_64_TO_32_BIT_CONVERSION = YES;
				GCC_WARN_ABOUT_RETURN_TYPE = YES_ERROR;
				GCC_WARN_UNDECLARED_SELECTOR = YES;
				GCC_WARN_UNINITIALIZED_AUTOS = YES_AGGRESSIVE;
				GCC_WARN_UNUSED_FUNCTION = YES;
				GCC_WARN_UNUSED_VARIABLE = YES;
				LOCALIZATION_PREFERS_STRING_CATALOGS = YES;
				MTL_ENABLE_DEBUG_INFO = NO;
				MTL_FAST_MATH = YES;
				SWIFT_COMPILATION_MODE = wholemodule;
			};
			name = Release;
		};
/* End XCBuildConfiguration section */

/* Begin XCConfigurationList section */
		A53D06EE305B72D300BA95DD /* Build configuration list for PBXProject "NoMoreCookies" */ = {
			isa = XCConfigurationList;
			buildConfigurations = (
				A53D0767305B72D500BA95DD /* Debug configuration for PBXProject "NoMoreCookies" */,
				A53D0768305B72D500BA95DD /* Release configuration for PBXProject "NoMoreCookies" */,
			);
			defaultConfigurationName = Release;
		};
		A53D0753305B72D500BA95DD /* Build configuration list for PBXNativeTarget "NoMoreCookies Extension (iOS)" */ = {
			isa = XCConfigurationList;
			buildConfigurations = (
				A53D0754305B72D500BA95DD /* Debug configuration for PBXNativeTarget "NoMoreCookies Extension (iOS)" */,
				A53D0755305B72D500BA95DD /* Release configuration for PBXNativeTarget "NoMoreCookies Extension (iOS)" */,
			);
			defaultConfigurationName = Release;
		};
		A53D0758305B72D500BA95DD /* Build configuration list for PBXNativeTarget "NoMoreCookies (iOS)" */ = {
			isa = XCConfigurationList;
			buildConfigurations = (
				A53D0759305B72D500BA95DD /* Debug configuration for PBXNativeTarget "NoMoreCookies (iOS)" */,
				A53D075A305B72D500BA95DD /* Release configuration for PBXNativeTarget "NoMoreCookies (iOS)" */,
			);
			defaultConfigurationName = Release;
		};
		A53D075D305B72D500BA95DD /* Build configuration list for PBXNativeTarget "NoMoreCookies Extension (macOS)" */ = {
			isa = XCConfigurationList;
			buildConfigurations = (
				A53D075E305B72D500BA95DD /* Debug configuration for PBXNativeTarget "NoMoreCookies Extension (macOS)" */,
				A53D075F305B72D500BA95DD /* Release configuration for PBXNativeTarget "NoMoreCookies Extension (macOS)" */,
			);
			defaultConfigurationName = Release;
		};
		A53D0762305B72D500BA95DD /* Build configuration list for PBXNativeTarget "NoMoreCookies (macOS)" */ = {
			isa = XCConfigurationList;
			buildConfigurations = (
				A53D0763305B72D500BA95DD /* Debug configuration for PBXNativeTarget "NoMoreCookies (macOS)" */,
				A53D0764305B72D500BA95DD /* Release configuration for PBXNativeTarget "NoMoreCookies (macOS)" */,
			);
			defaultConfigurationName = Release;
		};
/* End XCConfigurationList section */
	};
	rootObject = A53D06EB305B72D300BA95DD /* Project object */;
	validationLevel = 1;
}
